
Microsoft Visual Studio Solution File, Format Version 11.00
# Visual C++ Express 2010
Project("{8BC9CEB8-8B4A-11D0-8D11-00A0C91BC942}") = "Project", "Project\Project.vcxproj", "{4F710D44-0645-4516-A339-467DC71DDA48}"
EndProject
Global
	GlobalSection(SolutionConfigurationPlatforms) = preSolution
		Debug|Win32 = Debug|Win32
		Release|Win32 = Release|Win32
	EndGlobalSection
	GlobalSection(ProjectConfigurationPlatforms) = postSolution
		{4F710D44-0645-4516-A339-467DC71DDA48}.Debug|Win32.ActiveCfg = Debug|Win32
		{4F710D44-0645-4516-A339-467DC71DDA48}.Debug|Win32.Build.0 = Debug|Win32
		{4F710D44-0645-4516-A339-467DC71DDA48}.Release|Win32.ActiveCfg = Release|Win32
		{4F710D44-0645-4516-A339-467DC71DDA48}.Release|Win32.Build.0 = Release|Win32
	EndGlobalSection
	GlobalSection(SolutionProperties) = preSolution
		HideSolutionNode = FALSE
	EndGlobalSection
EndGlobal
