
Microsoft Visual Studio Solution File, Format Version 11.00
# Visual Studio 2010
Project("{8BC9CEB8-8B4A-11D0-8D11-00A0C91BC942}") = "Project", "Project\Project.vcxproj", "{30B48AB5-D87D-4C24-9FD2-DD34D0AF099F}"
EndProject
Global
	GlobalSection(SolutionConfigurationPlatforms) = preSolution
		Debug|Win32 = Debug|Win32
		Release|Win32 = Release|Win32
	EndGlobalSection
	GlobalSection(ProjectConfigurationPlatforms) = postSolution
		{30B48AB5-D87D-4C24-9FD2-DD34D0AF099F}.Debug|Win32.ActiveCfg = Debug|Win32
		{30B48AB5-D87D-4C24-9FD2-DD34D0AF099F}.Debug|Win32.Build.0 = Debug|Win32
		{30B48AB5-D87D-4C24-9FD2-DD34D0AF099F}.Release|Win32.ActiveCfg = Release|Win32
		{30B48AB5-D87D-4C24-9FD2-DD34D0AF099F}.Release|Win32.Build.0 = Release|Win32
	EndGlobalSection
	GlobalSection(SolutionProperties) = preSolution
		HideSolutionNode = FALSE
	EndGlobalSection
EndGlobal
